PODS:
  - AFNetworking (2.5.2):
    - AFNetworking/NSURLConnection (= 2.5.2)
    - AFNetworking/NSURLSession (= 2.5.2)
    - AFNetworking/Reachability (= 2.5.2)
    - AFNetworking/Security (= 2.5.2)
    - AFNetworking/Serialization (= 2.5.2)
    - AFNetworking/UIKit (= 2.5.2)
  - AFNetworking/NSURLConnection (2.5.2):
    - AFNetworking/Reachability
    - AFNetworking/Security
    - AFNetworking/Serialization
  - AFNetworking/NSURLSession (2.5.2):
    - AFNetworking/Reachability
    - AFNetworking/Security
    - AFNetworking/Serialization
  - AFNetworking/Reachability (2.5.2)
  - AFNetworking/Security (2.5.2)
  - AFNetworking/Serialization (2.5.2)
  - AFNetworking/UIKit (2.5.2):
    - AFNetworking/NSURLConnection
    - AFNetworking/NSURLSession
  - AWPagedArray (0.3.0)
  - FLEX (2.0.2)
  - KHTableViewController (0.1.8):
    - AFNetworking
    - AWPagedArray
    - LBDelegateMatrioska
  - KVOController (1.0.3)
  - LBDelegateMatrioska (0.0.2)
  - libextobjc (0.4.1):
    - libextobjc/EXTADT (= 0.4.1)
    - libextobjc/EXTConcreteProtocol (= 0.4.1)
    - libextobjc/EXTKeyPathCoding (= 0.4.1)
    - libextobjc/EXTNil (= 0.4.1)
    - libextobjc/EXTSafeCategory (= 0.4.1)
    - libextobjc/EXTScope (= 0.4.1)
    - libextobjc/EXTSelectorChecking (= 0.4.1)
    - libextobjc/EXTSynthesize (= 0.4.1)
    - libextobjc/NSInvocation+EXT (= 0.4.1)
    - libextobjc/NSMethodSignature+EXT (= 0.4.1)
    - libextobjc/RuntimeExtensions (= 0.4.1)
    - libextobjc/UmbrellaHeader (= 0.4.1)
  - libextobjc/EXTADT (0.4.1):
    - libextobjc/RuntimeExtensions
  - libextobjc/EXTConcreteProtocol (0.4.1):
    - libextobjc/RuntimeExtensions
  - libextobjc/EXTKeyPathCoding (0.4.1):
    - libextobjc/RuntimeExtensions
  - libextobjc/EXTNil (0.4.1):
    - libextobjc/RuntimeExtensions
  - libextobjc/EXTSafeCategory (0.4.1):
    - libextobjc/RuntimeExtensions
  - libextobjc/EXTScope (0.4.1):
    - libextobjc/RuntimeExtensions
  - libextobjc/EXTSelectorChecking (0.4.1):
    - libextobjc/RuntimeExtensions
  - libextobjc/EXTSynthesize (0.4.1):
    - libextobjc/RuntimeExtensions
  - libextobjc/NSInvocation+EXT (0.4.1):
    - libextobjc/RuntimeExtensions
  - libextobjc/NSMethodSignature+EXT (0.4.1):
    - libextobjc/RuntimeExtensions
  - libextobjc/RuntimeExtensions (0.4.1)
  - libextobjc/UmbrellaHeader (0.4.1)
  - M13Checkbox (1.1.2)
  - Mantle (1.5.4):
    - Mantle/extobjc (= 1.5.4)
  - Mantle/extobjc (1.5.4)
  - Masonry (0.6.1)
  - PKRevealController (2.0.6)
  - RMDateSelectionViewController (1.5.1)
  - RMPickerViewController (1.4.1)
  - SVProgressHUD (1.1.3)
  - TTTAttributedLabel (1.13.3)
  - WYPopoverController (0.3.7)

DEPENDENCIES:
  - AFNetworking (~> 2.0)
  - FLEX
  - KHTableViewController
  - KVOController
  - libextobjc
  - M13Checkbox
  - Mantle (~> 1.5)
  - Masonry (~> 0.5)
  - PKRevealController
  - RMDateSelectionViewController
  - RMPickerViewController
  - SVProgressHUD
  - TTTAttributedLabel
  - WYPopoverController

SPEC CHECKSUMS:
  AFNetworking: fefbce9660acb17f48ae0011292d4da0f457bf36
  AWPagedArray: 66db32d015a01d921133a4eb50da1d830271c39a
  FLEX: 321e6150cbababb76aaadde355dfce2ee1cac2d8
  KHTableViewController: c07c33e169dc04ab81a76a77764c179a3e8b690e
  KVOController: 9fd8f0343670994e4b6f9f0b31f5a45663f3e1cf
  LBDelegateMatrioska: 4af6c7c5ba142d2f24d741e360558d8a0202cfc4
  libextobjc: a650fc1bf489a3d3a9bc2e621efa3e1006fc5471
  M13Checkbox: 0c0bb08dcd144c4ea33f883b68270f3f56908ea2
  Mantle: 60acd0cd363e27d945bda0a6b8e90577112d28f3
  Masonry: 4972309f2f134de9dd312f4dc4a21359b50e6caa
  PKRevealController: ffb45a16f5a5032ad90a3d16e5cbb0d8e035bd58
  RMDateSelectionViewController: 5d4233ad5dca8baa375de41d20af1df86ed0465b
  RMPickerViewController: 8ca1a21c2c5b30b328030d411fe93b6532b0a9b0
  SVProgressHUD: 748080e4f36e603f6c02aec292664239df5279c1
  TTTAttributedLabel: 6f3174aef8e738f44dff97c2eb7d8184f6ab6277
  WYPopoverController: ebefa50c477bdbbd9dc992dfdffafa168c4484eb

COCOAPODS: 0.37.0.beta.1
