// !$*UTF8*$!
{
	archiveVersion = 1;
	classes = {
	};
	objectVersion = 46;
	objects = {

/* Begin PBXBuildFile section */
		053978FA1ACC1FCD007C4676 /* MBNRevealViewController.m in Sources */ = {isa = PBXBuildFile; fileRef = 053978F91ACC1FCD007C4676 /* MBNRevealViewController.m */; };
		053978FE1ACC274E007C4676 /* MBNCategory.m in Sources */ = {isa = PBXBuildFile; fileRef = 053978FD1ACC274E007C4676 /* MBNCategory.m */; };
		053979021ACC3B7C007C4676 /* MBNCategoryManager.m in Sources */ = {isa = PBXBuildFile; fileRef = 053979011ACC3B7C007C4676 /* MBNCategoryManager.m */; };
		053979071ACC48F6007C4676 /* MainStoryBoard.storyboard in Resources */ = {isa = PBXBuildFile; fileRef = 053979061ACC48F6007C4676 /* MainStoryBoard.storyboard */; };
		0539790D1ACC4987007C4676 /* MBNHomeTopViewController.m in Sources */ = {isa = PBXBuildFile; fileRef = 0539790C1ACC4987007C4676 /* MBNHomeTopViewController.m */; };
		053979101ACC4998007C4676 /* MBNHomeBottomViewController.m in Sources */ = {isa = PBXBuildFile; fileRef = 0539790F1ACC4998007C4676 /* MBNHomeBottomViewController.m */; };
		053979141ACC4B76007C4676 /* MBNHomeContainerViewController.m in Sources */ = {isa = PBXBuildFile; fileRef = 053979131ACC4B76007C4676 /* MBNHomeContainerViewController.m */; };
		0567F31D1ACDA4FC0093D23F /* MBNHomeTopCollectionViewCell.m in Sources */ = {isa = PBXBuildFile; fileRef = 0567F31C1ACDA4FC0093D23F /* MBNHomeTopCollectionViewCell.m */; };
		05A3E3431ACAF11200E55215 /* MBNSideMenuViewController.m in Sources */ = {isa = PBXBuildFile; fileRef = 05A3E3411ACAF11200E55215 /* MBNSideMenuViewController.m */; };
		05A3E3441ACAF11200E55215 /* MBNSideMenuViewController.xib in Resources */ = {isa = PBXBuildFile; fileRef = 05A3E3421ACAF11200E55215 /* MBNSideMenuViewController.xib */; };
		05A3E3481ACAF3BF00E55215 /* MBNSideMenuCollectionViewCell.m in Sources */ = {isa = PBXBuildFile; fileRef = 05A3E3461ACAF3BF00E55215 /* MBNSideMenuCollectionViewCell.m */; };
		05A3E3491ACAF3BF00E55215 /* MBNSideMenuCollectionViewCell.xib in Resources */ = {isa = PBXBuildFile; fileRef = 05A3E3471ACAF3BF00E55215 /* MBNSideMenuCollectionViewCell.xib */; };
		05A3E34D1ACAF9D300E55215 /* UIView+Addition.m in Sources */ = {isa = PBXBuildFile; fileRef = 05A3E34C1ACAF9D300E55215 /* UIView+Addition.m */; };
		05A3E3501ACAF9E100E55215 /* Colours.m in Sources */ = {isa = PBXBuildFile; fileRef = 05A3E34F1ACAF9E100E55215 /* Colours.m */; };
		05E03D9A1AC9318D004426CE /* main.m in Sources */ = {isa = PBXBuildFile; fileRef = 05E03D991AC9318D004426CE /* main.m */; };
		05E03D9D1AC9318D004426CE /* AppDelegate.m in Sources */ = {isa = PBXBuildFile; fileRef = 05E03D9C1AC9318D004426CE /* AppDelegate.m */; };
		05E03DA31AC9318D004426CE /* Main.storyboard in Resources */ = {isa = PBXBuildFile; fileRef = 05E03DA11AC9318D004426CE /* Main.storyboard */; };
		05E03DA51AC9318D004426CE /* Images.xcassets in Resources */ = {isa = PBXBuildFile; fileRef = 05E03DA41AC9318D004426CE /* Images.xcassets */; };
		05E03DA81AC9318D004426CE /* LaunchScreen.xib in Resources */ = {isa = PBXBuildFile; fileRef = 05E03DA61AC9318D004426CE /* LaunchScreen.xib */; };
		05E03DB41AC9318D004426CE /* MuaBanNhanhTests.m in Sources */ = {isa = PBXBuildFile; fileRef = 05E03DB31AC9318D004426CE /* MuaBanNhanhTests.m */; };
		B5EA3D46CA74801322C2CD91 /* libPods-MuaBanNhanh.a in Frameworks */ = {isa = PBXBuildFile; fileRef = 8EAE98C86AEFA896954CEDE5 /* libPods-MuaBanNhanh.a */; };
/* End PBXBuildFile section */

/* Begin PBXContainerItemProxy section */
		05E03DAE1AC9318D004426CE /* PBXContainerItemProxy */ = {
			isa = PBXContainerItemProxy;
			containerPortal = 05E03D8C1AC9318D004426CE /* Project object */;
			proxyType = 1;
			remoteGlobalIDString = 05E03D931AC9318D004426CE;
			remoteInfo = MuaBanNhanh;
		};
/* End PBXContainerItemProxy section */

/* Begin PBXFileReference section */
		053978F81ACC1FCD007C4676 /* MBNRevealViewController.h */ = {isa = PBXFileReference; fileEncoding = 4; lastKnownFileType = sourcecode.c.h; path = MBNRevealViewController.h; sourceTree = "<group>"; };
		053978F91ACC1FCD007C4676 /* MBNRevealViewController.m */ = {isa = PBXFileReference; fileEncoding = 4; lastKnownFileType = sourcecode.c.objc; path = MBNRevealViewController.m; sourceTree = "<group>"; };
		053978FC1ACC274E007C4676 /* MBNCategory.h */ = {isa = PBXFileReference; fileEncoding = 4; lastKnownFileType = sourcecode.c.h; path = MBNCategory.h; sourceTree = "<group>"; };
		053978FD1ACC274E007C4676 /* MBNCategory.m */ = {isa = PBXFileReference; fileEncoding = 4; lastKnownFileType = sourcecode.c.objc; path = MBNCategory.m; sourceTree = "<group>"; };
		053979001ACC3B7C007C4676 /* MBNCategoryManager.h */ = {isa = PBXFileReference; fileEncoding = 4; lastKnownFileType = sourcecode.c.h; path = MBNCategoryManager.h; sourceTree = "<group>"; };
		053979011ACC3B7C007C4676 /* MBNCategoryManager.m */ = {isa = PBXFileReference; fileEncoding = 4; lastKnownFileType = sourcecode.c.objc; path = MBNCategoryManager.m; sourceTree = "<group>"; };
		053979061ACC48F6007C4676 /* MainStoryBoard.storyboard */ = {isa = PBXFileReference; fileEncoding = 4; lastKnownFileType = file.storyboard; path = MainStoryBoard.storyboard; sourceTree = "<group>"; };
		0539790B1ACC4987007C4676 /* MBNHomeTopViewController.h */ = {isa = PBXFileReference; fileEncoding = 4; lastKnownFileType = sourcecode.c.h; path = MBNHomeTopViewController.h; sourceTree = "<group>"; };
		0539790C1ACC4987007C4676 /* MBNHomeTopViewController.m */ = {isa = PBXFileReference; fileEncoding = 4; lastKnownFileType = sourcecode.c.objc; path = MBNHomeTopViewController.m; sourceTree = "<group>"; };
		0539790E1ACC4998007C4676 /* MBNHomeBottomViewController.h */ = {isa = PBXFileReference; fileEncoding = 4; lastKnownFileType = sourcecode.c.h; path = MBNHomeBottomViewController.h; sourceTree = "<group>"; };
		0539790F1ACC4998007C4676 /* MBNHomeBottomViewController.m */ = {isa = PBXFileReference; fileEncoding = 4; lastKnownFileType = sourcecode.c.objc; path = MBNHomeBottomViewController.m; sourceTree = "<group>"; };
		053979121ACC4B76007C4676 /* MBNHomeContainerViewController.h */ = {isa = PBXFileReference; fileEncoding = 4; lastKnownFileType = sourcecode.c.h; path = MBNHomeContainerViewController.h; sourceTree = "<group>"; };
		053979131ACC4B76007C4676 /* MBNHomeContainerViewController.m */ = {isa = PBXFileReference; fileEncoding = 4; lastKnownFileType = sourcecode.c.objc; path = MBNHomeContainerViewController.m; sourceTree = "<group>"; };
		0567F31B1ACDA4FC0093D23F /* MBNHomeTopCollectionViewCell.h */ = {isa = PBXFileReference; fileEncoding = 4; lastKnownFileType = sourcecode.c.h; path = MBNHomeTopCollectionViewCell.h; sourceTree = "<group>"; };
		0567F31C1ACDA4FC0093D23F /* MBNHomeTopCollectionViewCell.m */ = {isa = PBXFileReference; fileEncoding = 4; lastKnownFileType = sourcecode.c.objc; path = MBNHomeTopCollectionViewCell.m; sourceTree = "<group>"; };
		05A3E32F1ACAE5D700E55215 /* MuaBanNhanh-prefix.pch */ = {isa = PBXFileReference; lastKnownFileType = sourcecode.c.h; path = "MuaBanNhanh-prefix.pch"; sourceTree = "<group>"; };
		05A3E3401ACAF11200E55215 /* MBNSideMenuViewController.h */ = {isa = PBXFileReference; fileEncoding = 4; lastKnownFileType = sourcecode.c.h; path = MBNSideMenuViewController.h; sourceTree = "<group>"; };
		05A3E3411ACAF11200E55215 /* MBNSideMenuViewController.m */ = {isa = PBXFileReference; fileEncoding = 4; lastKnownFileType = sourcecode.c.objc; path = MBNSideMenuViewController.m; sourceTree = "<group>"; };
		05A3E3421ACAF11200E55215 /* MBNSideMenuViewController.xib */ = {isa = PBXFileReference; fileEncoding = 4; lastKnownFileType = file.xib; path = MBNSideMenuViewController.xib; sourceTree = "<group>"; };
		05A3E3451ACAF3BF00E55215 /* MBNSideMenuCollectionViewCell.h */ = {isa = PBXFileReference; fileEncoding = 4; lastKnownFileType = sourcecode.c.h; path = MBNSideMenuCollectionViewCell.h; sourceTree = "<group>"; };
		05A3E3461ACAF3BF00E55215 /* MBNSideMenuCollectionViewCell.m */ = {isa = PBXFileReference; fileEncoding = 4; lastKnownFileType = sourcecode.c.objc; path = MBNSideMenuCollectionViewCell.m; sourceTree = "<group>"; };
		05A3E3471ACAF3BF00E55215 /* MBNSideMenuCollectionViewCell.xib */ = {isa = PBXFileReference; fileEncoding = 4; lastKnownFileType = file.xib; path = MBNSideMenuCollectionViewCell.xib; sourceTree = "<group>"; };
		05A3E34B1ACAF9D300E55215 /* UIView+Addition.h */ = {isa = PBXFileReference; fileEncoding = 4; lastKnownFileType = sourcecode.c.h; path = "UIView+Addition.h"; sourceTree = "<group>"; };
		05A3E34C1ACAF9D300E55215 /* UIView+Addition.m */ = {isa = PBXFileReference; fileEncoding = 4; lastKnownFileType = sourcecode.c.objc; path = "UIView+Addition.m"; sourceTree = "<group>"; };
		05A3E34E1ACAF9E100E55215 /* Colours.h */ = {isa = PBXFileReference; fileEncoding = 4; lastKnownFileType = sourcecode.c.h; path = Colours.h; sourceTree = "<group>"; };
		05A3E34F1ACAF9E100E55215 /* Colours.m */ = {isa = PBXFileReference; fileEncoding = 4; lastKnownFileType = sourcecode.c.objc; path = Colours.m; sourceTree = "<group>"; };
		05E03D941AC9318D004426CE /* MuaBanNhanh.app */ = {isa = PBXFileReference; explicitFileType = wrapper.application; includeInIndex = 0; path = MuaBanNhanh.app; sourceTree = BUILT_PRODUCTS_DIR; };
		05E03D981AC9318D004426CE /* Info.plist */ = {isa = PBXFileReference; lastKnownFileType = text.plist.xml; path = Info.plist; sourceTree = "<group>"; };
		05E03D991AC9318D004426CE /* main.m */ = {isa = PBXFileReference; lastKnownFileType = sourcecode.c.objc; path = main.m; sourceTree = "<group>"; };
		05E03D9B1AC9318D004426CE /* AppDelegate.h */ = {isa = PBXFileReference; lastKnownFileType = sourcecode.c.h; path = AppDelegate.h; sourceTree = "<group>"; };
		05E03D9C1AC9318D004426CE /* AppDelegate.m */ = {isa = PBXFileReference; lastKnownFileType = sourcecode.c.objc; path = AppDelegate.m; sourceTree = "<group>"; };
		05E03DA21AC9318D004426CE /* Base */ = {isa = PBXFileReference; lastKnownFileType = file.storyboard; name = Base; path = Base.lproj/Main.storyboard; sourceTree = "<group>"; };
		05E03DA41AC9318D004426CE /* Images.xcassets */ = {isa = PBXFileReference; lastKnownFileType = folder.assetcatalog; path = Images.xcassets; sourceTree = "<group>"; };
		05E03DA71AC9318D004426CE /* Base */ = {isa = PBXFileReference; lastKnownFileType = file.xib; name = Base; path = Base.lproj/LaunchScreen.xib; sourceTree = "<group>"; };
		05E03DAD1AC9318D004426CE /* MuaBanNhanhTests.xctest */ = {isa = PBXFileReference; explicitFileType = wrapper.cfbundle; includeInIndex = 0; path = MuaBanNhanhTests.xctest; sourceTree = BUILT_PRODUCTS_DIR; };
		05E03DB21AC9318D004426CE /* Info.plist */ = {isa = PBXFileReference; lastKnownFileType = text.plist.xml; path = Info.plist; sourceTree = "<group>"; };
		05E03DB31AC9318D004426CE /* MuaBanNhanhTests.m */ = {isa = PBXFileReference; lastKnownFileType = sourcecode.c.objc; path = MuaBanNhanhTests.m; sourceTree = "<group>"; };
		5634B996ABA6F7CE44922C55 /* Pods-MuaBanNhanh.release.xcconfig */ = {isa = PBXFileReference; includeInIndex = 1; lastKnownFileType = text.xcconfig; name = "Pods-MuaBanNhanh.release.xcconfig"; path = "Pods/Target Support Files/Pods-MuaBanNhanh/Pods-MuaBanNhanh.release.xcconfig"; sourceTree = "<group>"; };
		8EAE98C86AEFA896954CEDE5 /* libPods-MuaBanNhanh.a */ = {isa = PBXFileReference; explicitFileType = archive.ar; includeInIndex = 0; path = "libPods-MuaBanNhanh.a"; sourceTree = BUILT_PRODUCTS_DIR; };
		BDC741CC4D6A1E04FD9BA6B5 /* Pods-MuaBanNhanh.debug.xcconfig */ = {isa = PBXFileReference; includeInIndex = 1; lastKnownFileType = text.xcconfig; name = "Pods-MuaBanNhanh.debug.xcconfig"; path = "Pods/Target Support Files/Pods-MuaBanNhanh/Pods-MuaBanNhanh.debug.xcconfig"; sourceTree = "<group>"; };
/* End PBXFileReference section */

/* Begin PBXFrameworksBuildPhase section */
		05E03D911AC9318D004426CE /* Frameworks */ = {
			isa = PBXFrameworksBuildPhase;
			buildActionMask = 2147483647;
			files = (
				B5EA3D46CA74801322C2CD91 /* libPods-MuaBanNhanh.a in Frameworks */,
			);
			runOnlyForDeploymentPostprocessing = 0;
		};
		05E03DAA1AC9318D004426CE /* Frameworks */ = {
			isa = PBXFrameworksBuildPhase;
			buildActionMask = 2147483647;
			files = (
			);
			runOnlyForDeploymentPostprocessing = 0;
		};
/* End PBXFrameworksBuildPhase section */

/* Begin PBXGroup section */
		053978F71ACC1FAE007C4676 /* Subclass PKRevealMenu */ = {
			isa = PBXGroup;
			children = (
				053978F81ACC1FCD007C4676 /* MBNRevealViewController.h */,
				053978F91ACC1FCD007C4676 /* MBNRevealViewController.m */,
			);
			path = "Subclass PKRevealMenu";
			sourceTree = "<group>";
		};
		053978FB1ACC26AA007C4676 /* Models */ = {
			isa = PBXGroup;
			children = (
				053978FC1ACC274E007C4676 /* MBNCategory.h */,
				053978FD1ACC274E007C4676 /* MBNCategory.m */,
			);
			path = Models;
			sourceTree = "<group>";
		};
		053978FF1ACC3B60007C4676 /* Managers */ = {
			isa = PBXGroup;
			children = (
				053979001ACC3B7C007C4676 /* MBNCategoryManager.h */,
				053979011ACC3B7C007C4676 /* MBNCategoryManager.m */,
			);
			path = Managers;
			sourceTree = "<group>";
		};
		053979051ACC48E3007C4676 /* Home */ = {
			isa = PBXGroup;
			children = (
				053979111ACC4B68007C4676 /* Container */,
				053979081ACC4904007C4676 /* Top */,
				0539790A1ACC4962007C4676 /* Bottom */,
				053979061ACC48F6007C4676 /* MainStoryBoard.storyboard */,
			);
			path = Home;
			sourceTree = "<group>";
		};
		053979081ACC4904007C4676 /* Top */ = {
			isa = PBXGroup;
			children = (
				0539790B1ACC4987007C4676 /* MBNHomeTopViewController.h */,
				0539790C1ACC4987007C4676 /* MBNHomeTopViewController.m */,
				0567F31B1ACDA4FC0093D23F /* MBNHomeTopCollectionViewCell.h */,
				0567F31C1ACDA4FC0093D23F /* MBNHomeTopCollectionViewCell.m */,
			);
			path = Top;
			sourceTree = "<group>";
		};
		0539790A1ACC4962007C4676 /* Bottom */ = {
			isa = PBXGroup;
			children = (
				0539790E1ACC4998007C4676 /* MBNHomeBottomViewController.h */,
				0539790F1ACC4998007C4676 /* MBNHomeBottomViewController.m */,
			);
			path = Bottom;
			sourceTree = "<group>";
		};
		053979111ACC4B68007C4676 /* Container */ = {
			isa = PBXGroup;
			children = (
				053979121ACC4B76007C4676 /* MBNHomeContainerViewController.h */,
				053979131ACC4B76007C4676 /* MBNHomeContainerViewController.m */,
			);
			path = Container;
			sourceTree = "<group>";
		};
		05A3E3391ACAF0AC00E55215 /* ViewControllers */ = {
			isa = PBXGroup;
			children = (
				053979051ACC48E3007C4676 /* Home */,
				053978F71ACC1FAE007C4676 /* Subclass PKRevealMenu */,
				05A3E33F1ACAF11200E55215 /* SideMenu */,
			);
			path = ViewControllers;
			sourceTree = "<group>";
		};
		05A3E33F1ACAF11200E55215 /* SideMenu */ = {
			isa = PBXGroup;
			children = (
				05A3E3401ACAF11200E55215 /* MBNSideMenuViewController.h */,
				05A3E3411ACAF11200E55215 /* MBNSideMenuViewController.m */,
				05A3E3421ACAF11200E55215 /* MBNSideMenuViewController.xib */,
				05A3E3451ACAF3BF00E55215 /* MBNSideMenuCollectionViewCell.h */,
				05A3E3461ACAF3BF00E55215 /* MBNSideMenuCollectionViewCell.m */,
				05A3E3471ACAF3BF00E55215 /* MBNSideMenuCollectionViewCell.xib */,
			);
			path = SideMenu;
			sourceTree = "<group>";
		};
		05A3E34A1ACAF9CC00E55215 /* Categories */ = {
			isa = PBXGroup;
			children = (
				05A3E34B1ACAF9D300E55215 /* UIView+Addition.h */,
				05A3E34C1ACAF9D300E55215 /* UIView+Addition.m */,
				05A3E34E1ACAF9E100E55215 /* Colours.h */,
				05A3E34F1ACAF9E100E55215 /* Colours.m */,
			);
			path = Categories;
			sourceTree = "<group>";
		};
		05E03D8B1AC9318D004426CE = {
			isa = PBXGroup;
			children = (
				05E03D961AC9318D004426CE /* MuaBanNhanh */,
				05E03DB01AC9318D004426CE /* MuaBanNhanhTests */,
				05E03D951AC9318D004426CE /* Products */,
				D73F5D6CA72936D572591F24 /* Pods */,
				F213740222A193D95DE0D184 /* Frameworks */,
			);
			sourceTree = "<group>";
		};
		05E03D951AC9318D004426CE /* Products */ = {
			isa = PBXGroup;
			children = (
				05E03D941AC9318D004426CE /* MuaBanNhanh.app */,
				05E03DAD1AC9318D004426CE /* MuaBanNhanhTests.xctest */,
			);
			name = Products;
			sourceTree = "<group>";
		};
		05E03D961AC9318D004426CE /* MuaBanNhanh */ = {
			isa = PBXGroup;
			children = (
				053978FF1ACC3B60007C4676 /* Managers */,
				053978FB1ACC26AA007C4676 /* Models */,
				05A3E34A1ACAF9CC00E55215 /* Categories */,
				05A3E3391ACAF0AC00E55215 /* ViewControllers */,
				05E03D9B1AC9318D004426CE /* AppDelegate.h */,
				05E03D9C1AC9318D004426CE /* AppDelegate.m */,
				05E03DA11AC9318D004426CE /* Main.storyboard */,
				05E03DA41AC9318D004426CE /* Images.xcassets */,
				05E03DA61AC9318D004426CE /* LaunchScreen.xib */,
				05E03D971AC9318D004426CE /* Supporting Files */,
			);
			path = MuaBanNhanh;
			sourceTree = "<group>";
		};
		05E03D971AC9318D004426CE /* Supporting Files */ = {
			isa = PBXGroup;
			children = (
				05E03D981AC9318D004426CE /* Info.plist */,
				05E03D991AC9318D004426CE /* main.m */,
				05A3E32F1ACAE5D700E55215 /* MuaBanNhanh-prefix.pch */,
			);
			name = "Supporting Files";
			sourceTree = "<group>";
		};
		05E03DB01AC9318D004426CE /* MuaBanNhanhTests */ = {
			isa = PBXGroup;
			children = (
				05E03DB31AC9318D004426CE /* MuaBanNhanhTests.m */,
				05E03DB11AC9318D004426CE /* Supporting Files */,
			);
			path = MuaBanNhanhTests;
			sourceTree = "<group>";
		};
		05E03DB11AC9318D004426CE /* Supporting Files */ = {
			isa = PBXGroup;
			children = (
				05E03DB21AC9318D004426CE /* Info.plist */,
			);
			name = "Supporting Files";
			sourceTree = "<group>";
		};
		D73F5D6CA72936D572591F24 /* Pods */ = {
			isa = PBXGroup;
			children = (
				BDC741CC4D6A1E04FD9BA6B5 /* Pods-MuaBanNhanh.debug.xcconfig */,
				5634B996ABA6F7CE44922C55 /* Pods-MuaBanNhanh.release.xcconfig */,
			);
			name = Pods;
			sourceTree = "<group>";
		};
		F213740222A193D95DE0D184 /* Frameworks */ = {
			isa = PBXGroup;
			children = (
				8EAE98C86AEFA896954CEDE5 /* libPods-MuaBanNhanh.a */,
			);
			name = Frameworks;
			sourceTree = "<group>";
		};
/* End PBXGroup section */

/* Begin PBXNativeTarget section */
		05E03D931AC9318D004426CE /* MuaBanNhanh */ = {
			isa = PBXNativeTarget;
			buildConfigurationList = 05E03DB71AC9318D004426CE /* Build configuration list for PBXNativeTarget "MuaBanNhanh" */;
			buildPhases = (
				968AD470156AB6AA2C5537E9 /* Check Pods Manifest.lock */,
				05E03D901AC9318D004426CE /* Sources */,
				05E03D911AC9318D004426CE /* Frameworks */,
				05E03D921AC9318D004426CE /* Resources */,
				70917BCBB73A69525F0DB1F1 /* Copy Pods Resources */,
			);
			buildRules = (
			);
			dependencies = (
			);
			name = MuaBanNhanh;
			productName = MuaBanNhanh;
			productReference = 05E03D941AC9318D004426CE /* MuaBanNhanh.app */;
			productType = "com.apple.product-type.application";
		};
		05E03DAC1AC9318D004426CE /* MuaBanNhanhTests */ = {
			isa = PBXNativeTarget;
			buildConfigurationList = 05E03DBA1AC9318D004426CE /* Build configuration list for PBXNativeTarget "MuaBanNhanhTests" */;
			buildPhases = (
				05E03DA91AC9318D004426CE /* Sources */,
				05E03DAA1AC9318D004426CE /* Frameworks */,
				05E03DAB1AC9318D004426CE /* Resources */,
			);
			buildRules = (
			);
			dependencies = (
				05E03DAF1AC9318D004426CE /* PBXTargetDependency */,
			);
			name = MuaBanNhanhTests;
			productName = MuaBanNhanhTests;
			productReference = 05E03DAD1AC9318D004426CE /* MuaBanNhanhTests.xctest */;
			productType = "com.apple.product-type.bundle.unit-test";
		};
/* End PBXNativeTarget section */

/* Begin PBXProject section */
		05E03D8C1AC9318D004426CE /* Project object */ = {
			isa = PBXProject;
			attributes = {
				LastUpgradeCheck = 0620;
				ORGANIZATIONNAME = "Khang Hoang Trieu";
				TargetAttributes = {
					05E03D931AC9318D004426CE = {
						CreatedOnToolsVersion = 6.2;
						DevelopmentTeam = ZVV9QVF5VR;
					};
					05E03DAC1AC9318D004426CE = {
						CreatedOnToolsVersion = 6.2;
						TestTargetID = 05E03D931AC9318D004426CE;
					};
				};
			};
			buildConfigurationList = 05E03D8F1AC9318D004426CE /* Build configuration list for PBXProject "MuaBanNhanh" */;
			compatibilityVersion = "Xcode 3.2";
			developmentRegion = English;
			hasScannedForEncodings = 0;
			knownRegions = (
				en,
				Base,
			);
			mainGroup = 05E03D8B1AC9318D004426CE;
			productRefGroup = 05E03D951AC9318D004426CE /* Products */;
			projectDirPath = "";
			projectRoot = "";
			targets = (
				05E03D931AC9318D004426CE /* MuaBanNhanh */,
				05E03DAC1AC9318D004426CE /* MuaBanNhanhTests */,
			);
		};
/* End PBXProject section */

/* Begin PBXResourcesBuildPhase section */
		05E03D921AC9318D004426CE /* Resources */ = {
			isa = PBXResourcesBuildPhase;
			buildActionMask = 2147483647;
			files = (
				053979071ACC48F6007C4676 /* MainStoryBoard.storyboard in Resources */,
				05A3E3441ACAF11200E55215 /* MBNSideMenuViewController.xib in Resources */,
				05A3E3491ACAF3BF00E55215 /* MBNSideMenuCollectionViewCell.xib in Resources */,
				05E03DA31AC9318D004426CE /* Main.storyboard in Resources */,
				05E03DA81AC9318D004426CE /* LaunchScreen.xib in Resources */,
				05E03DA51AC9318D004426CE /* Images.xcassets in Resources */,
			);
			runOnlyForDeploymentPostprocessing = 0;
		};
		05E03DAB1AC9318D004426CE /* Resources */ = {
			isa = PBXResourcesBuildPhase;
			buildActionMask = 2147483647;
			files = (
			);
			runOnlyForDeploymentPostprocessing = 0;
		};
/* End PBXResourcesBuildPhase section */

/* Begin PBXShellScriptBuildPhase section */
		70917BCBB73A69525F0DB1F1 /* Copy Pods Resources */ = {
			isa = PBXShellScriptBuildPhase;
			buildActionMask = 2147483647;
			files = (
			);
			inputPaths = (
			);
			name = "Copy Pods Resources";
			outputPaths = (
			);
			runOnlyForDeploymentPostprocessing = 0;
			shellPath = /bin/sh;
			shellScript = "\"${SRCROOT}/Pods/Target Support Files/Pods-MuaBanNhanh/Pods-MuaBanNhanh-resources.sh\"\n";
			showEnvVarsInLog = 0;
		};
		968AD470156AB6AA2C5537E9 /* Check Pods Manifest.lock */ = {
			isa = PBXShellScriptBuildPhase;
			buildActionMask = 2147483647;
			files = (
			);
			inputPaths = (
			);
			name = "Check Pods Manifest.lock";
			outputPaths = (
			);
			runOnlyForDeploymentPostprocessing = 0;
			shellPath = /bin/sh;
			shellScript = "diff \"${PODS_ROOT}/../Podfile.lock\" \"${PODS_ROOT}/Manifest.lock\" > /dev/null\nif [[ $? != 0 ]] ; then\n    cat << EOM\nerror: The sandbox is not in sync with the Podfile.lock. Run 'pod install' or update your CocoaPods installation.\nEOM\n    exit 1\nfi\n";
			showEnvVarsInLog = 0;
		};
/* End PBXShellScriptBuildPhase section */

/* Begin PBXSourcesBuildPhase section */
		05E03D901AC9318D004426CE /* Sources */ = {
			isa = PBXSourcesBuildPhase;
			buildActionMask = 2147483647;
			files = (
				05A3E3481ACAF3BF00E55215 /* MBNSideMenuCollectionViewCell.m in Sources */,
				053979101ACC4998007C4676 /* MBNHomeBottomViewController.m in Sources */,
				05A3E3501ACAF9E100E55215 /* Colours.m in Sources */,
				05A3E34D1ACAF9D300E55215 /* UIView+Addition.m in Sources */,
				053978FE1ACC274E007C4676 /* MBNCategory.m in Sources */,
				053979021ACC3B7C007C4676 /* MBNCategoryManager.m in Sources */,
				053979141ACC4B76007C4676 /* MBNHomeContainerViewController.m in Sources */,
				0567F31D1ACDA4FC0093D23F /* MBNHomeTopCollectionViewCell.m in Sources */,
				05E03D9D1AC9318D004426CE /* AppDelegate.m in Sources */,
				05E03D9A1AC9318D004426CE /* main.m in Sources */,
				0539790D1ACC4987007C4676 /* MBNHomeTopViewController.m in Sources */,
				05A3E3431ACAF11200E55215 /* MBNSideMenuViewController.m in Sources */,
				053978FA1ACC1FCD007C4676 /* MBNRevealViewController.m in Sources */,
			);
			runOnlyForDeploymentPostprocessing = 0;
		};
		05E03DA91AC9318D004426CE /* Sources */ = {
			isa = PBXSourcesBuildPhase;
			buildActionMask = 2147483647;
			files = (
				05E03DB41AC9318D004426CE /* MuaBanNhanhTests.m in Sources */,
			);
			runOnlyForDeploymentPostprocessing = 0;
		};
/* End PBXSourcesBuildPhase section */

/* Begin PBXTargetDependency section */
		05E03DAF1AC9318D004426CE /* PBXTargetDependency */ = {
			isa = PBXTargetDependency;
			target = 05E03D931AC9318D004426CE /* MuaBanNhanh */;
			targetProxy = 05E03DAE1AC9318D004426CE /* PBXContainerItemProxy */;
		};
/* End PBXTargetDependency section */

/* Begin PBXVariantGroup section */
		05E03DA11AC9318D004426CE /* Main.storyboard */ = {
			isa = PBXVariantGroup;
			children = (
				05E03DA21AC9318D004426CE /* Base */,
			);
			name = Main.storyboard;
			sourceTree = "<group>";
		};
		05E03DA61AC9318D004426CE /* LaunchScreen.xib */ = {
			isa = PBXVariantGroup;
			children = (
				05E03DA71AC9318D004426CE /* Base */,
			);
			name = LaunchScreen.xib;
			sourceTree = "<group>";
		};
/* End PBXVariantGroup section */

/* Begin XCBuildConfiguration section */
		05E03DB51AC9318D004426CE /* Debug */ = {
			isa = XCBuildConfiguration;
			buildSettings = {
				ALWAYS_SEARCH_USER_PATHS = NO;
				CLANG_CXX_LANGUAGE_STANDARD = "gnu++0x";
				CLANG_CXX_LIBRARY = "libc++";
				CLANG_ENABLE_MODULES = YES;
				CLANG_ENABLE_OBJC_ARC = YES;
				CLANG_WARN_BOOL_CONVERSION = YES;
				CLANG_WARN_CONSTANT_CONVERSION = YES;
				CLANG_WARN_DIRECT_OBJC_ISA_USAGE = YES_ERROR;
				CLANG_WARN_EMPTY_BODY = YES;
				CLANG_WARN_ENUM_CONVERSION = YES;
				CLANG_WARN_INT_CONVERSION = YES;
				CLANG_WARN_OBJC_ROOT_CLASS = YES_ERROR;
				CLANG_WARN_UNREACHABLE_CODE = YES;
				CLANG_WARN__DUPLICATE_METHOD_MATCH = YES;
				"CODE_SIGN_IDENTITY[sdk=iphoneos*]" = "iPhone Developer";
				COPY_PHASE_STRIP = NO;
				ENABLE_STRICT_OBJC_MSGSEND = YES;
				GCC_C_LANGUAGE_STANDARD = gnu99;
				GCC_DYNAMIC_NO_PIC = NO;
				GCC_OPTIMIZATION_LEVEL = 0;
				GCC_PREPROCESSOR_DEFINITIONS = (
					"DEBUG=1",
					"$(inherited)",
				);
				GCC_SYMBOLS_PRIVATE_EXTERN = NO;
				GCC_WARN_64_TO_32_BIT_CONVERSION = YES;
				GCC_WARN_ABOUT_RETURN_TYPE = YES_ERROR;
				GCC_WARN_UNDECLARED_SELECTOR = YES;
				GCC_WARN_UNINITIALIZED_AUTOS = YES_AGGRESSIVE;
				GCC_WARN_UNUSED_FUNCTION = YES;
				GCC_WARN_UNUSED_VARIABLE = YES;
				IPHONEOS_DEPLOYMENT_TARGET = 8.2;
				MTL_ENABLE_DEBUG_INFO = YES;
				ONLY_ACTIVE_ARCH = YES;
				SDKROOT = iphoneos;
			};
			name = Debug;
		};
		05E03DB61AC9318D004426CE /* Release */ = {
			isa = XCBuildConfiguration;
			buildSettings = {
				ALWAYS_SEARCH_USER_PATHS = NO;
				CLANG_CXX_LANGUAGE_STANDARD = "gnu++0x";
				CLANG_CXX_LIBRARY = "libc++";
				CLANG_ENABLE_MODULES = YES;
				CLANG_ENABLE_OBJC_ARC = YES;
				CLANG_WARN_BOOL_CONVERSION = YES;
				CLANG_WARN_CONSTANT_CONVERSION = YES;
				CLANG_WARN_DIRECT_OBJC_ISA_USAGE = YES_ERROR;
				CLANG_WARN_EMPTY_BODY = YES;
				CLANG_WARN_ENUM_CONVERSION = YES;
				CLANG_WARN_INT_CONVERSION = YES;
				CLANG_WARN_OBJC_ROOT_CLASS = YES_ERROR;
				CLANG_WARN_UNREACHABLE_CODE = YES;
				CLANG_WARN__DUPLICATE_METHOD_MATCH = YES;
				"CODE_SIGN_IDENTITY[sdk=iphoneos*]" = "iPhone Developer";
				COPY_PHASE_STRIP = NO;
				ENABLE_NS_ASSERTIONS = NO;
				ENABLE_STRICT_OBJC_MSGSEND = YES;
				GCC_C_LANGUAGE_STANDARD = gnu99;
				GCC_WARN_64_TO_32_BIT_CONVERSION = YES;
				GCC_WARN_ABOUT_RETURN_TYPE = YES_ERROR;
				GCC_WARN_UNDECLARED_SELECTOR = YES;
				GCC_WARN_UNINITIALIZED_AUTOS = YES_AGGRESSIVE;
				GCC_WARN_UNUSED_FUNCTION = YES;
				GCC_WARN_UNUSED_VARIABLE = YES;
				IPHONEOS_DEPLOYMENT_TARGET = 8.2;
				MTL_ENABLE_DEBUG_INFO = NO;
				SDKROOT = iphoneos;
				VALIDATE_PRODUCT = YES;
			};
			name = Release;
		};
		05E03DB81AC9318D004426CE /* Debug */ = {
			isa = XCBuildConfiguration;
			baseConfigurationReference = BDC741CC4D6A1E04FD9BA6B5 /* Pods-MuaBanNhanh.debug.xcconfig */;
			buildSettings = {
				ASSETCATALOG_COMPILER_APPICON_NAME = AppIcon;
				CODE_SIGN_IDENTITY = "iPhone Developer";
				GCC_PRECOMPILE_PREFIX_HEADER = YES;
				GCC_PREFIX_HEADER = "MuaBanNhanh/MuaBanNhanh-prefix.pch";
				INFOPLIST_FILE = MuaBanNhanh/Info.plist;
				IPHONEOS_DEPLOYMENT_TARGET = 6.1;
				LD_RUNPATH_SEARCH_PATHS = "$(inherited) @executable_path/Frameworks";
				PRODUCT_NAME = "$(TARGET_NAME)";
			};
			name = Debug;
		};
		05E03DB91AC9318D004426CE /* Release */ = {
			isa = XCBuildConfiguration;
			baseConfigurationReference = 5634B996ABA6F7CE44922C55 /* Pods-MuaBanNhanh.release.xcconfig */;
			buildSettings = {
				ASSETCATALOG_COMPILER_APPICON_NAME = AppIcon;
				CODE_SIGN_IDENTITY = "iPhone Developer";
				GCC_PRECOMPILE_PREFIX_HEADER = YES;
				GCC_PREFIX_HEADER = "MuaBanNhanh/MuaBanNhanh-prefix.pch";
				INFOPLIST_FILE = MuaBanNhanh/Info.plist;
				IPHONEOS_DEPLOYMENT_TARGET = 6.1;
				LD_RUNPATH_SEARCH_PATHS = "$(inherited) @executable_path/Frameworks";
				PRODUCT_NAME = "$(TARGET_NAME)";
			};
			name = Release;
		};
		05E03DBB1AC9318D004426CE /* Debug */ = {
			isa = XCBuildConfiguration;
			buildSettings = {
				BUNDLE_LOADER = "$(TEST_HOST)";
				FRAMEWORK_SEARCH_PATHS = (
					"$(SDKROOT)/Developer/Library/Frameworks",
					"$(inherited)",
				);
				GCC_PREPROCESSOR_DEFINITIONS = (
					"DEBUG=1",
					"$(inherited)",
				);
				INFOPLIST_FILE = MuaBanNhanhTests/Info.plist;
				LD_RUNPATH_SEARCH_PATHS = "$(inherited) @executable_path/Frameworks @loader_path/Frameworks";
				PRODUCT_NAME = "$(TARGET_NAME)";
				TEST_HOST = "$(BUILT_PRODUCTS_DIR)/MuaBanNhanh.app/MuaBanNhanh";
			};
			name = Debug;
		};
		05E03DBC1AC9318D004426CE /* Release */ = {
			isa = XCBuildConfiguration;
			buildSettings = {
				BUNDLE_LOADER = "$(TEST_HOST)";
				FRAMEWORK_SEARCH_PATHS = (
					"$(SDKROOT)/Developer/Library/Frameworks",
					"$(inherited)",
				);
				INFOPLIST_FILE = MuaBanNhanhTests/Info.plist;
				LD_RUNPATH_SEARCH_PATHS = "$(inherited) @executable_path/Frameworks @loader_path/Frameworks";
				PRODUCT_NAME = "$(TARGET_NAME)";
				TEST_HOST = "$(BUILT_PRODUCTS_DIR)/MuaBanNhanh.app/MuaBanNhanh";
			};
			name = Release;
		};
/* End XCBuildConfiguration section */

/* Begin XCConfigurationList section */
		05E03D8F1AC9318D004426CE /* Build configuration list for PBXProject "MuaBanNhanh" */ = {
			isa = XCConfigurationList;
			buildConfigurations = (
				05E03DB51AC9318D004426CE /* Debug */,
				05E03DB61AC9318D004426CE /* Release */,
			);
			defaultConfigurationIsVisible = 0;
			defaultConfigurationName = Release;
		};
		05E03DB71AC9318D004426CE /* Build configuration list for PBXNativeTarget "MuaBanNhanh" */ = {
			isa = XCConfigurationList;
			buildConfigurations = (
				05E03DB81AC9318D004426CE /* Debug */,
				05E03DB91AC9318D004426CE /* Release */,
			);
			defaultConfigurationIsVisible = 0;
			defaultConfigurationName = Release;
		};
		05E03DBA1AC9318D004426CE /* Build configuration list for PBXNativeTarget "MuaBanNhanhTests" */ = {
			isa = XCConfigurationList;
			buildConfigurations = (
				05E03DBB1AC9318D004426CE /* Debug */,
				05E03DBC1AC9318D004426CE /* Release */,
			);
			defaultConfigurationIsVisible = 0;
			defaultConfigurationName = Release;
		};
/* End XCConfigurationList section */
	};
	rootObject = 05E03D8C1AC9318D004426CE /* Project object */;
}
